
Microsoft Visual Studio Solution File, Format Version 12.00
# Visual Studio 15
VisualStudioVersion = 15.0.28307.421
MinimumVisualStudioVersion = 10.0.40219.1
Project("{FAE04EC0-301F-11D3-BF4B-00C04F79EFBC}") = "DES", "DES\DES.csproj", "{EBFF8274-9049-4B2E-BFE5-C259DE65707F}"
EndProject
Global
	GlobalSection(SolutionConfigurationPlatforms) = preSolution
		Debug|Any CPU = Debug|Any CPU
		Release|Any CPU = Release|Any CPU
	EndGlobalSection
	GlobalSection(ProjectConfigurationPlatforms) = postSolution
		{EBFF8274-9049-4B2E-BFE5-C259DE65707F}.Debug|Any CPU.ActiveCfg = Debug|Any CPU
		{EBFF8274-9049-4B2E-BFE5-C259DE65707F}.Debug|Any CPU.Build.0 = Debug|Any CPU
		{EBFF8274-9049-4B2E-BFE5-C259DE65707F}.Release|Any CPU.ActiveCfg = Release|Any CPU
		{EBFF8274-9049-4B2E-BFE5-C259DE65707F}.Release|Any CPU.Build.0 = Release|Any CPU
	EndGlobalSection
	GlobalSection(SolutionProperties) = preSolution
		HideSolutionNode = FALSE
	EndGlobalSection
	GlobalSection(ExtensibilityGlobals) = postSolution
		SolutionGuid = {8FAE7627-05E3-4108-8186-C64D4AF776C0}
	EndGlobalSection
EndGlobal
